// !$*UTF8*$!
{
	archiveVersion = 1;
	classes = {
	};
	objectVersion = 46;
	objects = {

/* Begin PBXBuildFile section */
		3779AC5A1C0D26A200A398CA /* AppDelegate.swift in Sources */ = {isa = PBXBuildFile; fileRef = 3779AC591C0D26A200A398CA /* AppDelegate.swift */; };
		3779AC5C1C0D26A200A398CA /* ViewController.swift in Sources */ = {isa = PBXBuildFile; fileRef = 3779AC5B1C0D26A200A398CA /* ViewController.swift */; };
		3779AC5F1C0D26A300A398CA /* Main.storyboard in Resources */ = {isa = PBXBuildFile; fileRef = 3779AC5D1C0D26A300A398CA /* Main.storyboard */; };
		3779AC611C0D26A300A398CA /* Assets.xcassets in Resources */ = {isa = PBXBuildFile; fileRef = 3779AC601C0D26A300A398CA /* Assets.xcassets */; };
		3779AC641C0D26A300A398CA /* LaunchScreen.storyboard in Resources */ = {isa = PBXBuildFile; fileRef = 3779AC621C0D26A300A398CA /* LaunchScreen.storyboard */; };
		3779AC6F1C0D26A300A398CA /* HelloWorldUITests.swift in Sources */ = {isa = PBXBuildFile; fileRef = 3779AC6E1C0D26A300A398CA /* HelloWorldUITests.swift */; };
/* End PBXBuildFile section */

/* Begin PBXContainerItemProxy section */
		3779AC6B1C0D26A300A398CA /* PBXContainerItemProxy */ = {
			isa = PBXContainerItemProxy;
			containerPortal = 3779AC4E1C0D26A200A398CA /* Project object */;
			proxyType = 1;
			remoteGlobalIDString = 3779AC551C0D26A200A398CA;
			remoteInfo = HelloWorld;
		};
/* End PBXContainerItemProxy section */

/* Begin PBXFileReference section */
		3779AC561C0D26A200A398CA /* HelloWorld.app */ = {isa = PBXFileReference; explicitFileType = wrapper.application; includeInIndex = 0; path = HelloWorld.app; sourceTree = BUILT_PRODUCTS_DIR; };
		3779AC591C0D26A200A398CA /* AppDelegate.swift */ = {isa = PBXFileReference; lastKnownFileType = sourcecode.swift; path = AppDelegate.swift; sourceTree = "<group>"; };
		3779AC5B1C0D26A200A398CA /* ViewController.swift */ = {isa = PBXFileReference; lastKnownFileType = sourcecode.swift; path = ViewController.swift; sourceTree = "<group>"; };
		3779AC5E1C0D26A300A398CA /* Base */ = {isa = PBXFileReference; lastKnownFileType = file.storyboard; name = Base; path = Base.lproj/Main.storyboard; sourceTree = "<group>"; };
		3779AC601C0D26A300A398CA /* Assets.xcassets */ = {isa = PBXFileReference; lastKnownFileType = folder.assetcatalog; path = Assets.xcassets; sourceTree = "<group>"; };
		3779AC631C0D26A300A398CA /* Base */ = {isa = PBXFileReference; lastKnownFileType = file.storyboard; name = Base; path = Base.lproj/LaunchScreen.storyboard; sourceTree = "<group>"; };
		3779AC651C0D26A300A398CA /* Info.plist */ = {isa = PBXFileReference; lastKnownFileType = text.plist.xml; path = Info.plist; sourceTree = "<group>"; };
		3779AC6A1C0D26A300A398CA /* HelloWorldUITests.xctest */ = {isa = PBXFileReference; explicitFileType = wrapper.cfbundle; includeInIndex = 0; path = HelloWorldUITests.xctest; sourceTree = BUILT_PRODUCTS_DIR; };
		3779AC6E1C0D26A300A398CA /* HelloWorldUITests.swift */ = {isa = PBXFileReference; lastKnownFileType = sourcecode.swift; path = HelloWorldUITests.swift; sourceTree = "<group>"; };
		3779AC701C0D26A300A398CA /* Info.plist */ = {isa = PBXFileReference; lastKnownFileType = text.plist.xml; path = Info.plist; sourceTree = "<group>"; };
/* End PBXFileReference section */

/* Begin PBXFrameworksBuildPhase section */
		3779AC531C0D26A200A398CA /* Frameworks */ = {
			isa = PBXFrameworksBuildPhase;
			buildActionMask = 2147483647;
			files = (
			);
			runOnlyForDeploymentPostprocessing = 0;
		};
		3779AC671C0D26A300A398CA /* Frameworks */ = {
			isa = PBXFrameworksBuildPhase;
			buildActionMask = 2147483647;
			files = (
			);
			runOnlyForDeploymentPostprocessing = 0;
		};
/* End PBXFrameworksBuildPhase section */

/* Begin PBXGroup section */
		3779AC4D1C0D26A200A398CA = {
			isa = PBXGroup;
			children = (
				3779AC581C0D26A200A398CA /* HelloWorld */,
				3779AC6D1C0D26A300A398CA /* HelloWorldUITests */,
				3779AC571C0D26A200A398CA /* Products */,
			);
			sourceTree = "<group>";
		};
		3779AC571C0D26A200A398CA /* Products */ = {
			isa = PBXGroup;
			children = (
				3779AC561C0D26A200A398CA /* HelloWorld.app */,
				3779AC6A1C0D26A300A398CA /* HelloWorldUITests.xctest */,
			);
			name = Products;
			sourceTree = "<group>";
		};
		3779AC581C0D26A200A398CA /* HelloWorld */ = {
			isa = PBXGroup;
			children = (
				3779AC591C0D26A200A398CA /* AppDelegate.swift */,
				3779AC5B1C0D26A200A398CA /* ViewController.swift */,
				3779AC5D1C0D26A300A398CA /* Main.storyboard */,
				3779AC601C0D26A300A398CA /* Assets.xcassets */,
				3779AC621C0D26A300A398CA /* LaunchScreen.storyboard */,
				3779AC651C0D26A300A398CA /* Info.plist */,
			);
			path = HelloWorld;
			sourceTree = "<group>";
		};
		3779AC6D1C0D26A300A398CA /* HelloWorldUITests */ = {
			isa = PBXGroup;
			children = (
				3779AC6E1C0D26A300A398CA /* HelloWorldUITests.swift */,
				3779AC701C0D26A300A398CA /* Info.plist */,
			);
			path = HelloWorldUITests;
			sourceTree = "<group>";
		};
/* End PBXGroup section */

/* Begin PBXNativeTarget section */
		3779AC551C0D26A200A398CA /* HelloWorld */ = {
			isa = PBXNativeTarget;
			buildConfigurationList = 3779AC731C0D26A300A398CA /* Build configuration list for PBXNativeTarget "HelloWorld" */;
			buildPhases = (
				3779AC521C0D26A200A398CA /* Sources */,
				3779AC531C0D26A200A398CA /* Frameworks */,
				3779AC541C0D26A200A398CA /* Resources */,
			);
			buildRules = (
			);
			dependencies = (
			);
			name = HelloWorld;
			productName = HelloWorld;
			productReference = 3779AC561C0D26A200A398CA /* HelloWorld.app */;
			productType = "com.apple.product-type.application";
		};
		3779AC691C0D26A300A398CA /* HelloWorldUITests */ = {
			isa = PBXNativeTarget;
			buildConfigurationList = 3779AC761C0D26A300A398CA /* Build configuration list for PBXNativeTarget "HelloWorldUITests" */;
			buildPhases = (
				3779AC661C0D26A300A398CA /* Sources */,
				3779AC671C0D26A300A398CA /* Frameworks */,
				3779AC681C0D26A300A398CA /* Resources */,
			);
			buildRules = (
			);
			dependencies = (
				3779AC6C1C0D26A300A398CA /* PBXTargetDependency */,
			);
			name = HelloWorldUITests;
			productName = HelloWorldUITests;
			productReference = 3779AC6A1C0D26A300A398CA /* HelloWorldUITests.xctest */;
			productType = "com.apple.product-type.bundle.ui-testing";
		};
/* End PBXNativeTarget section */

/* Begin PBXProject section */
		3779AC4E1C0D26A200A398CA /* Project object */ = {
			isa = PBXProject;
			attributes = {
				LastSwiftUpdateCheck = 0710;
				LastUpgradeCheck = 0710;
				ORGANIZATIONNAME = "Dan Smith";
				TargetAttributes = {
					3779AC551C0D26A200A398CA = {
						CreatedOnToolsVersion = 7.1.1;
						DevelopmentTeam = RQF4DCWVB4;
					};
					3779AC691C0D26A300A398CA = {
						CreatedOnToolsVersion = 7.1.1;
						DevelopmentTeam = RQF4DCWVB4;
						TestTargetID = 3779AC551C0D26A200A398CA;
					};
				};
			};
			buildConfigurationList = 3779AC511C0D26A200A398CA /* Build configuration list for PBXProject "HelloWorld" */;
			compatibilityVersion = "Xcode 3.2";
			developmentRegion = English;
			hasScannedForEncodings = 0;
			knownRegions = (
				en,
				Base,
			);
			mainGroup = 3779AC4D1C0D26A200A398CA;
			productRefGroup = 3779AC571C0D26A200A398CA /* Products */;
			projectDirPath = "";
			projectRoot = "";
			targets = (
				3779AC551C0D26A200A398CA /* HelloWorld */,
				3779AC691C0D26A300A398CA /* HelloWorldUITests */,
			);
		};
/* End PBXProject section */

/* Begin PBXResourcesBuildPhase section */
		3779AC541C0D26A200A398CA /* Resources */ = {
			isa = PBXResourcesBuildPhase;
			buildActionMask = 2147483647;
			files = (
				3779AC641C0D26A300A398CA /* LaunchScreen.storyboard in Resources */,
				3779AC611C0D26A300A398CA /* Assets.xcassets in Resources */,
				3779AC5F1C0D26A300A398CA /* Main.storyboard in Resources */,
			);
			runOnlyForDeploymentPostprocessing = 0;
		};
		3779AC681C0D26A300A398CA /* Resources */ = {
			isa = PBXResourcesBuildPhase;
			buildActionMask = 2147483647;
			files = (
			);
			runOnlyForDeploymentPostprocessing = 0;
		};
/* End PBXResourcesBuildPhase section */

/* Begin PBXSourcesBuildPhase section */
		3779AC521C0D26A200A398CA /* Sources */ = {
			isa = PBXSourcesBuildPhase;
			buildActionMask = 2147483647;
			files = (
				3779AC5C1C0D26A200A398CA /* ViewController.swift in Sources */,
				3779AC5A1C0D26A200A398CA /* AppDelegate.swift in Sources */,
			);
			runOnlyForDeploymentPostprocessing = 0;
		};
		3779AC661C0D26A300A398CA /* Sources */ = {
			isa = PBXSourcesBuildPhase;
			buildActionMask = 2147483647;
			files = (
				3779AC6F1C0D26A300A398CA /* HelloWorldUITests.swift in Sources */,
			);
			runOnlyForDeploymentPostprocessing = 0;
		};
/* End PBXSourcesBuildPhase section */

/* Begin PBXTargetDependency section */
		3779AC6C1C0D26A300A398CA /* PBXTargetDependency */ = {
			isa = PBXTargetDependency;
			target = 3779AC551C0D26A200A398CA /* HelloWorld */;
			targetProxy = 3779AC6B1C0D26A300A398CA /* PBXContainerItemProxy */;
		};
/* End PBXTargetDependency section */

/* Begin PBXVariantGroup section */
		3779AC5D1C0D26A300A398CA /* Main.storyboard */ = {
			isa = PBXVariantGroup;
			children = (
				3779AC5E1C0D26A300A398CA /* Base */,
			);
			name = Main.storyboard;
			sourceTree = "<group>";
		};
		3779AC621C0D26A300A398CA /* LaunchScreen.storyboard */ = {
			isa = PBXVariantGroup;
			children = (
				3779AC631C0D26A300A398CA /* Base */,
			);
			name = LaunchScreen.storyboard;
			sourceTree = "<group>";
		};
/* End PBXVariantGroup section */

/* Begin XCBuildConfiguration section */
		3779AC711C0D26A300A398CA /* Debug */ = {
			isa = XCBuildConfiguration;
			buildSettings = {
				ALWAYS_SEARCH_USER_PATHS = NO;
				CLANG_CXX_LANGUAGE_STANDARD = "gnu++0x";
				CLANG_CXX_LIBRARY = "libc++";
				CLANG_ENABLE_MODULES = YES;
				CLANG_ENABLE_OBJC_ARC = YES;
				CLANG_WARN_BOOL_CONVERSION = YES;
				CLANG_WARN_CONSTANT_CONVERSION = YES;
				CLANG_WARN_DIRECT_OBJC_ISA_USAGE = YES_ERROR;
				CLANG_WARN_EMPTY_BODY = YES;
				CLANG_WARN_ENUM_CONVERSION = YES;
				CLANG_WARN_INT_CONVERSION = YES;
				CLANG_WARN_OBJC_ROOT_CLASS = YES_ERROR;
				CLANG_WARN_UNREACHABLE_CODE = YES;
				CLANG_WARN__DUPLICATE_METHOD_MATCH = YES;
				"CODE_SIGN_IDENTITY[sdk=iphoneos*]" = "iPhone Developer";
				COPY_PHASE_STRIP = NO;
				DEBUG_INFORMATION_FORMAT = dwarf;
				ENABLE_STRICT_OBJC_MSGSEND = YES;
				ENABLE_TESTABILITY = YES;
				GCC_C_LANGUAGE_STANDARD = gnu99;
				GCC_DYNAMIC_NO_PIC = NO;
				GCC_NO_COMMON_BLOCKS = YES;
				GCC_OPTIMIZATION_LEVEL = 0;
				GCC_PREPROCESSOR_DEFINITIONS = (
					"DEBUG=1",
					"$(inherited)",
				);
				GCC_WARN_64_TO_32_BIT_CONVERSION = YES;
				GCC_WARN_ABOUT_RETURN_TYPE = YES_ERROR;
				GCC_WARN_UNDECLARED_SELECTOR = YES;
				GCC_WARN_UNINITIALIZED_AUTOS = YES_AGGRESSIVE;
				GCC_WARN_UNUSED_FUNCTION = YES;
				GCC_WARN_UNUSED_VARIABLE = YES;
				IPHONEOS_DEPLOYMENT_TARGET = 9.1;
				MTL_ENABLE_DEBUG_INFO = YES;
				ONLY_ACTIVE_ARCH = YES;
				SDKROOT = iphoneos;
				SWIFT_OPTIMIZATION_LEVEL = "-Onone";
			};
			name = Debug;
		};
		3779AC721C0D26A300A398CA /* Release */ = {
			isa = XCBuildConfiguration;
			buildSettings = {
				ALWAYS_SEARCH_USER_PATHS = NO;
				CLANG_CXX_LANGUAGE_STANDARD = "gnu++0x";
				CLANG_CXX_LIBRARY = "libc++";
				CLANG_ENABLE_MODULES = YES;
				CLANG_ENABLE_OBJC_ARC = YES;
				CLANG_WARN_BOOL_CONVERSION = YES;
				CLANG_WARN_CONSTANT_CONVERSION = YES;
				CLANG_WARN_DIRECT_OBJC_ISA_USAGE = YES_ERROR;
				CLANG_WARN_EMPTY_BODY = YES;
				CLANG_WARN_ENUM_CONVERSION = YES;
				CLANG_WARN_INT_CONVERSION = YES;
				CLANG_WARN_OBJC_ROOT_CLASS = YES_ERROR;
				CLANG_WARN_UNREACHABLE_CODE = YES;
				CLANG_WARN__DUPLICATE_METHOD_MATCH = YES;
				"CODE_SIGN_IDENTITY[sdk=iphoneos*]" = "iPhone Developer";
				COPY_PHASE_STRIP = NO;
				DEBUG_INFORMATION_FORMAT = "dwarf-with-dsym";
				ENABLE_NS_ASSERTIONS = NO;
				ENABLE_STRICT_OBJC_MSGSEND = YES;
				GCC_C_LANGUAGE_STANDARD = gnu99;
				GCC_NO_COMMON_BLOCKS = YES;
				GCC_WARN_64_TO_32_BIT_CONVERSION = YES;
				GCC_WARN_ABOUT_RETURN_TYPE = YES_ERROR;
				GCC_WARN_UNDECLARED_SELECTOR = YES;
				GCC_WARN_UNINITIALIZED_AUTOS = YES_AGGRESSIVE;
				GCC_WARN_UNUSED_FUNCTION = YES;
				GCC_WARN_UNUSED_VARIABLE = YES;
				IPHONEOS_DEPLOYMENT_TARGET = 9.1;
				MTL_ENABLE_DEBUG_INFO = NO;
				SDKROOT = iphoneos;
				VALIDATE_PRODUCT = YES;
			};
			name = Release;
		};
		3779AC741C0D26A300A398CA /* Debug */ = {
			isa = XCBuildConfiguration;
			buildSettings = {
				ASSETCATALOG_COMPILER_APPICON_NAME = AppIcon;
				INFOPLIST_FILE = HelloWorld/Info.plist;
				LD_RUNPATH_SEARCH_PATHS = "$(inherited) @executable_path/Frameworks";
				PRODUCT_BUNDLE_IDENTIFIER = com.dancemyth.HelloWorld;
				PRODUCT_NAME = "$(TARGET_NAME)";
			};
			name = Debug;
		};
		3779AC751C0D26A300A398CA /* Release */ = {
			isa = XCBuildConfiguration;
			buildSettings = {
				ASSETCATALOG_COMPILER_APPICON_NAME = AppIcon;
				INFOPLIST_FILE = HelloWorld/Info.plist;
				LD_RUNPATH_SEARCH_PATHS = "$(inherited) @executable_path/Frameworks";
				PRODUCT_BUNDLE_IDENTIFIER = com.dancemyth.HelloWorld;
				PRODUCT_NAME = "$(TARGET_NAME)";
			};
			name = Release;
		};
		3779AC771C0D26A300A398CA /* Debug */ = {
			isa = XCBuildConfiguration;
			buildSettings = {
				INFOPLIST_FILE = HelloWorldUITests/Info.plist;
				LD_RUNPATH_SEARCH_PATHS = "$(inherited) @executable_path/Frameworks @loader_path/Frameworks";
				PRODUCT_BUNDLE_IDENTIFIER = com.dancemyth.HelloWorldUITests;
				PRODUCT_NAME = "$(TARGET_NAME)";
				TEST_TARGET_NAME = HelloWorld;
				USES_XCTRUNNER = YES;
			};
			name = Debug;
		};
		3779AC781C0D26A300A398CA /* Release */ = {
			isa = XCBuildConfiguration;
			buildSettings = {
				INFOPLIST_FILE = HelloWorldUITests/Info.plist;
				LD_RUNPATH_SEARCH_PATHS = "$(inherited) @executable_path/Frameworks @loader_path/Frameworks";
				PRODUCT_BUNDLE_IDENTIFIER = com.dancemyth.HelloWorldUITests;
				PRODUCT_NAME = "$(TARGET_NAME)";
				TEST_TARGET_NAME = HelloWorld;
				USES_XCTRUNNER = YES;
			};
			name = Release;
		};
/* End XCBuildConfiguration section */

/* Begin XCConfigurationList section */
		3779AC511C0D26A200A398CA /* Build configuration list for PBXProject "HelloWorld" */ = {
			isa = XCConfigurationList;
			buildConfigurations = (
				3779AC711C0D26A300A398CA /* Debug */,
				3779AC721C0D26A300A398CA /* Release */,
			);
			defaultConfigurationIsVisible = 0;
			defaultConfigurationName = Release;
		};
		3779AC731C0D26A300A398CA /* Build configuration list for PBXNativeTarget "HelloWorld" */ = {
			isa = XCConfigurationList;
			buildConfigurations = (
				3779AC741C0D26A300A398CA /* Debug */,
				3779AC751C0D26A300A398CA /* Release */,
			);
			defaultConfigurationIsVisible = 0;
		};
		3779AC761C0D26A300A398CA /* Build configuration list for PBXNativeTarget "HelloWorldUITests" */ = {
			isa = XCConfigurationList;
			buildConfigurations = (
				3779AC771C0D26A300A398CA /* Debug */,
				3779AC781C0D26A300A398CA /* Release */,
			);
			defaultConfigurationIsVisible = 0;
		};
/* End XCConfigurationList section */
	};
	rootObject = 3779AC4E1C0D26A200A398CA /* Project object */;
}
